
Microsoft Visual Studio Solution File, Format Version 12.00
Project("{FAE04EC0-301F-11D3-BF4B-00C04F79EFBC}") = "EventBus", "src\EventBus\EventBus.csproj", "{02AA8582-70E3-4C0C-A21A-C975C997F37C}"
EndProject
Project("{FAE04EC0-301F-11D3-BF4B-00C04F79EFBC}") = "EventBus.Tests", "tests\EventBus.Tests\EventBus.Tests.csproj", "{E4BB8A77-B344-46E4-B9AC-957F6F1444C3}"
EndProject
Global
	GlobalSection(SolutionConfigurationPlatforms) = preSolution
		Debug|Any CPU = Debug|Any CPU
		Release|Any CPU = Release|Any CPU
	EndGlobalSection
	GlobalSection(ProjectConfigurationPlatforms) = postSolution
		{02AA8582-70E3-4C0C-A21A-C975C997F37C}.Debug|Any CPU.ActiveCfg = Debug|Any CPU
		{02AA8582-70E3-4C0C-A21A-C975C997F37C}.Debug|Any CPU.Build.0 = Debug|Any CPU
		{02AA8582-70E3-4C0C-A21A-C975C997F37C}.Release|Any CPU.ActiveCfg = Release|Any CPU
		{02AA8582-70E3-4C0C-A21A-C975C997F37C}.Release|Any CPU.Build.0 = Release|Any CPU
		{E4BB8A77-B344-46E4-B9AC-957F6F1444C3}.Debug|Any CPU.ActiveCfg = Debug|Any CPU
		{E4BB8A77-B344-46E4-B9AC-957F6F1444C3}.Debug|Any CPU.Build.0 = Debug|Any CPU
		{E4BB8A77-B344-46E4-B9AC-957F6F1444C3}.Release|Any CPU.ActiveCfg = Release|Any CPU
		{E4BB8A77-B344-46E4-B9AC-957F6F1444C3}.Release|Any CPU.Build.0 = Release|Any CPU
	EndGlobalSection
EndGlobal
